# This file is automatically @generated by Cargo.
# It is not intended for manual editing.
version = 4

[[package]]
name = "cheap"
version = "1.0.2"
source = "registry+https://github.com/rust-lang/crates.io-index"
checksum = "be08f6f03fe947ba2006d23a33eb80ad8b56233733bcf28ef6125963c16edb3a"
dependencies = [
 "libc",
]

[[package]]
name = "heap"
version = "0.1.0"
dependencies = [
 "cheap",
 "libc",
]

[[package]]
name = "libc"
version = "0.2.161"
source = "registry+https://github.com/rust-lang/crates.io-index"
checksum = "8e9489c2807c139ffd9c1794f4af0ebe86a828db53ecdc7fea2111d0fed085d1"
